
Microsoft Visual Studio Solution File, Format Version 12.00
# Visual Studio 14
VisualStudioVersion = 14.0.25420.1
MinimumVisualStudioVersion = 10.0.40219.1
Project("{FAE04EC0-301F-11D3-BF4B-00C04F79EFBC}") = "UAS_Inheritance", "UAS_Inheritance\UAS_Inheritance.csproj", "{20415B2C-06D1-43E8-A9CD-F0574033DD71}"
EndProject
Global
	GlobalSection(SolutionConfigurationPlatforms) = preSolution
		Debug|Any CPU = Debug|Any CPU
		Release|Any CPU = Release|Any CPU
	EndGlobalSection
	GlobalSection(ProjectConfigurationPlatforms) = postSolution
		{20415B2C-06D1-43E8-A9CD-F0574033DD71}.Debug|Any CPU.ActiveCfg = Debug|Any CPU
		{20415B2C-06D1-43E8-A9CD-F0574033DD71}.Debug|Any CPU.Build.0 = Debug|Any CPU
		{20415B2C-06D1-43E8-A9CD-F0574033DD71}.Release|Any CPU.ActiveCfg = Release|Any CPU
		{20415B2C-06D1-43E8-A9CD-F0574033DD71}.Release|Any CPU.Build.0 = Release|Any CPU
	EndGlobalSection
	GlobalSection(SolutionProperties) = preSolution
		HideSolutionNode = FALSE
	EndGlobalSection
EndGlobal
